# THIS IS AN AUTOGENERATED FILE. DO NOT EDIT THIS FILE DIRECTLY.
# yarn lockfile v1


tree-sitter-cli@^0.22.2:
  version "0.22.2"
  resolved "https://registry.yarnpkg.com/tree-sitter-cli/-/tree-sitter-cli-0.22.2.tgz#a69b8f68e78994f6ab730e7b345407b880658c13"
  integrity sha512-ecqccEp27XMFXgjLMEEU71vK9JCWAC7fqSTTxcs5P1tnEnaaf4GkHz/wfo4lJ9l3rfxcTDPxN84tHAoitIQqdA==
